
Microsoft Visual Studio Solution File, Format Version 12.00
# Visual Studio 15
Project("{FAE04EC0-301F-11D3-BF4B-00C04F79EFBC}") = "Unity.Timeline", "Unity.Timeline.csproj", "{E1CF7BC5-411E-42BC-4F70-A9EF40E77B8C}"
EndProject
Project("{FAE04EC0-301F-11D3-BF4B-00C04F79EFBC}") = "Unity.Timeline.Editor", "Unity.Timeline.Editor.csproj", "{0DB2532F-E48E-07ED-DA45-E3F4B7940DF5}"
EndProject
Project("{FAE04EC0-301F-11D3-BF4B-00C04F79EFBC}") = "Unity.Mobile.AndroidLogcat.Editor", "Unity.Mobile.AndroidLogcat.Editor.csproj", "{BAA0CB6A-07D6-CFAA-DCE3-998C42341EF2}"
EndProject
Project("{FAE04EC0-301F-11D3-BF4B-00C04F79EFBC}") = "Unity.TextMeshPro.Editor", "Unity.TextMeshPro.Editor.csproj", "{B420F199-1561-0BC7-97A7-C2BE8B3F93B1}"
EndProject
Project("{FAE04EC0-301F-11D3-BF4B-00C04F79EFBC}") = "Unity.VisualScripting.Flow", "Unity.VisualScripting.Flow.csproj", "{B77A7627-CFFE-1A29-658A-C301F195B385}"
EndProject
Project("{FAE04EC0-301F-11D3-BF4B-00C04F79EFBC}") = "UnityEditor.UI", "UnityEditor.UI.csproj", "{F1351CED-FCB1-FC3E-25B0-22E369004068}"
EndProject
Project("{FAE04EC0-301F-11D3-BF4B-00C04F79EFBC}") = "Assembly-CSharp", "Assembly-CSharp.csproj", "{1231496A-12FA-B3F5-EADA-C3FAF2A8275C}"
EndProject
Project("{FAE04EC0-301F-11D3-BF4B-00C04F79EFBC}") = "Unity.PlasticSCM.Editor", "Unity.PlasticSCM.Editor.csproj", "{9C9689B0-1582-9E34-D9CA-51AEA3E95B62}"
EndProject
Project("{FAE04EC0-301F-11D3-BF4B-00C04F79EFBC}") = "Unity.AdaptivePerformance", "Unity.AdaptivePerformance.csproj", "{48C75A32-3DDB-202D-6552-0DED1B121BE1}"
EndProject
Project("{FAE04EC0-301F-11D3-BF4B-00C04F79EFBC}") = "Unity.VisualScripting.Core", "Unity.VisualScripting.Core.csproj", "{265AA8FD-EC28-BB8D-F5CD-14961F9C8379}"
EndProject
Project("{FAE04EC0-301F-11D3-BF4B-00C04F79EFBC}") = "Unity.VisualScripting.Core.Editor", "Unity.VisualScripting.Core.Editor.csproj", "{CBA1BA9A-42B7-C216-239A-DCAA01BC6DCD}"
EndProject
Project("{FAE04EC0-301F-11D3-BF4B-00C04F79EFBC}") = "Unity.VisualScripting.Flow.Editor", "Unity.VisualScripting.Flow.Editor.csproj", "{8124E2CF-F594-CF1B-B585-A172DD7F93F2}"
EndProject
Project("{FAE04EC0-301F-11D3-BF4B-00C04F79EFBC}") = "UnityEditor.TestRunner", "UnityEditor.TestRunner.csproj", "{E749C8EC-A0E9-0BDA-BF5F-6B3241FB9083}"
EndProject
Project("{FAE04EC0-301F-11D3-BF4B-00C04F79EFBC}") = "Autodesk.Fbx", "Autodesk.Fbx.csproj", "{D635CE9E-BF29-92F1-4EFD-BAAEB6180FDF}"
EndProject
Project("{FAE04EC0-301F-11D3-BF4B-00C04F79EFBC}") = "Unity.VisualScripting.SettingsProvider.Editor", "Unity.VisualScripting.SettingsProvider.Editor.csproj", "{496F825F-2409-A40A-B50D-A93D2DF75240}"
EndProject
Project("{FAE04EC0-301F-11D3-BF4B-00C04F79EFBC}") = "UnityEngine.TestRunner", "UnityEngine.TestRunner.csproj", "{4BDA4B99-5F20-2798-7FB7-910C51589CE1}"
EndProject
Project("{FAE04EC0-301F-11D3-BF4B-00C04F79EFBC}") = "UnityEngine.UI", "UnityEngine.UI.csproj", "{3995077D-211C-1C1C-362B-AA1C508FE397}"
EndProject
Project("{FAE04EC0-301F-11D3-BF4B-00C04F79EFBC}") = "Unity.AI.Navigation.Editor", "Unity.AI.Navigation.Editor.csproj", "{5C781072-652E-7B1E-CAFC-27533C686BCE}"
EndProject
Project("{FAE04EC0-301F-11D3-BF4B-00C04F79EFBC}") = "Unity.VisualStudio.Editor", "Unity.VisualStudio.Editor.csproj", "{7A7FFFA4-924A-CE41-12FF-B6061A701BB2}"
EndProject
Project("{FAE04EC0-301F-11D3-BF4B-00C04F79EFBC}") = "Unity.AdaptivePerformance.Simulator.VRR.Extension", "Unity.AdaptivePerformance.Simulator.VRR.Extension.csproj", "{E577D76B-0790-F50B-4B14-6B5C2C20FB36}"
EndProject
Project("{FAE04EC0-301F-11D3-BF4B-00C04F79EFBC}") = "Unity.Rider.Editor", "Unity.Rider.Editor.csproj", "{30CDE59D-D080-0EC9-C8A3-38B024614FD8}"
EndProject
Project("{FAE04EC0-301F-11D3-BF4B-00C04F79EFBC}") = "Unity.Postprocessing.Runtime", "Unity.Postprocessing.Runtime.csproj", "{54224D88-6A4A-B111-D01B-3DCA7003FFED}"
EndProject
Project("{FAE04EC0-301F-11D3-BF4B-00C04F79EFBC}") = "Unity.Notifications.Android", "Unity.Notifications.Android.csproj", "{7FAA280B-BB84-0EA1-7558-0E8EA927D9D9}"
EndProject
Project("{FAE04EC0-301F-11D3-BF4B-00C04F79EFBC}") = "Unity.AI.Navigation", "Unity.AI.Navigation.csproj", "{22242F6E-29B3-F8D4-4D6D-9FB84B2F0D3C}"
EndProject
Project("{FAE04EC0-301F-11D3-BF4B-00C04F79EFBC}") = "Unity.AI.Navigation.Editor.ConversionSystem", "Unity.AI.Navigation.Editor.ConversionSystem.csproj", "{EC18DA4F-F235-DD05-4568-04DE90F9B163}"
EndProject
Project("{FAE04EC0-301F-11D3-BF4B-00C04F79EFBC}") = "Unity.VisualScripting.State.Editor", "Unity.VisualScripting.State.Editor.csproj", "{5D2FA141-8E89-A021-B954-F67E73BEEDDB}"
EndProject
Project("{FAE04EC0-301F-11D3-BF4B-00C04F79EFBC}") = "Unity.Notifications", "Unity.Notifications.csproj", "{B566A969-B298-3891-B85F-B468CF51F984}"
EndProject
Project("{FAE04EC0-301F-11D3-BF4B-00C04F79EFBC}") = "Unity.Formats.Fbx.Editor", "Unity.Formats.Fbx.Editor.csproj", "{E493ED2F-3BFE-8A09-8F00-DBA4E970631B}"
EndProject
Project("{FAE04EC0-301F-11D3-BF4B-00C04F79EFBC}") = "Unity.Postprocessing.Editor", "Unity.Postprocessing.Editor.csproj", "{C8DF46CA-032A-15B5-E348-7BA7AB5D71B7}"
EndProject
Project("{FAE04EC0-301F-11D3-BF4B-00C04F79EFBC}") = "Unity.VisualScripting.State", "Unity.VisualScripting.State.csproj", "{C9EAC707-1AA8-06FE-5AC7-9CA1B420FC16}"
EndProject
Project("{FAE04EC0-301F-11D3-BF4B-00C04F79EFBC}") = "Unity.Formats.Fbx.Runtime", "Unity.Formats.Fbx.Runtime.csproj", "{E61CE213-B631-6B07-1A33-15F4B2327E1D}"
EndProject
Project("{FAE04EC0-301F-11D3-BF4B-00C04F79EFBC}") = "Unity.TextMeshPro", "Unity.TextMeshPro.csproj", "{D86E2AF9-3CAF-E52E-89E4-1EF125C14AF2}"
EndProject
Project("{FAE04EC0-301F-11D3-BF4B-00C04F79EFBC}") = "Unity.AdaptivePerformance.Editor", "Unity.AdaptivePerformance.Editor.csproj", "{6099519B-0151-EB54-3C68-4FC6EA625646}"
EndProject
Project("{FAE04EC0-301F-11D3-BF4B-00C04F79EFBC}") = "Unity.VSCode.Editor", "Unity.VSCode.Editor.csproj", "{04658583-34A4-0999-062D-CB6979164E23}"
EndProject
Project("{FAE04EC0-301F-11D3-BF4B-00C04F79EFBC}") = "Unity.2D.Sprite.Editor", "Unity.2D.Sprite.Editor.csproj", "{5D17E004-501D-3ED9-64C1-00FD05502335}"
EndProject
Project("{FAE04EC0-301F-11D3-BF4B-00C04F79EFBC}") = "Unity.AI.Navigation.Updater", "Unity.AI.Navigation.Updater.csproj", "{002958AE-BC66-B020-18BE-13B0707E4204}"
EndProject
Project("{FAE04EC0-301F-11D3-BF4B-00C04F79EFBC}") = "Unity.Notifications.iOS", "Unity.Notifications.iOS.csproj", "{D9AA7718-9B93-6951-087E-0E9C4A97555E}"
EndProject
Project("{FAE04EC0-301F-11D3-BF4B-00C04F79EFBC}") = "Unity.AdaptivePerformance.Profiler.Editor", "Unity.AdaptivePerformance.Profiler.Editor.csproj", "{C769940B-E420-2F37-1D24-97C142FDF034}"
EndProject
Project("{FAE04EC0-301F-11D3-BF4B-00C04F79EFBC}") = "Unity.AdaptivePerformance.UI.Editor", "Unity.AdaptivePerformance.UI.Editor.csproj", "{56003C41-E92D-83AD-06B7-E49071AECE93}"
EndProject
Project("{FAE04EC0-301F-11D3-BF4B-00C04F79EFBC}") = "Unity.Notifications.Unified", "Unity.Notifications.Unified.csproj", "{AF83FFC7-F34E-B0C4-8860-C63F4F377542}"
EndProject
Project("{FAE04EC0-301F-11D3-BF4B-00C04F79EFBC}") = "Unity.AdaptivePerformance.Google.Android.Editor", "Unity.AdaptivePerformance.Google.Android.Editor.csproj", "{0F4D857E-370D-EFDD-8D53-815BC1CAD071}"
EndProject
Project("{FAE04EC0-301F-11D3-BF4B-00C04F79EFBC}") = "Unity.AdaptivePerformance.Google.Android", "Unity.AdaptivePerformance.Google.Android.csproj", "{61F44DE5-AC78-963E-C0C7-E0AB624D9B83}"
EndProject
Project("{FAE04EC0-301F-11D3-BF4B-00C04F79EFBC}") = "Unity.AdaptivePerformance.Simulator.Extension", "Unity.AdaptivePerformance.Simulator.Extension.csproj", "{5B1B8DCC-A5A5-8C04-DAAB-BC002D917958}"
EndProject
Project("{FAE04EC0-301F-11D3-BF4B-00C04F79EFBC}") = "Unity.Profiling.Core", "Unity.Profiling.Core.csproj", "{28B5BBA6-7E5F-7DAD-B383-CDEA03F3B65E}"
EndProject
Project("{FAE04EC0-301F-11D3-BF4B-00C04F79EFBC}") = "Unity.AdaptivePerformance.Samsung.Android", "Unity.AdaptivePerformance.Samsung.Android.csproj", "{6C96940F-A9A6-8741-9D06-BBE9124FE119}"
EndProject
Project("{FAE04EC0-301F-11D3-BF4B-00C04F79EFBC}") = "Assembly-CSharp-Editor", "Assembly-CSharp-Editor.csproj", "{472273DE-682D-3D49-C710-F46C7B6929F7}"
EndProject
Project("{FAE04EC0-301F-11D3-BF4B-00C04F79EFBC}") = "Unity.AdaptivePerformance.Simulator.Editor", "Unity.AdaptivePerformance.Simulator.Editor.csproj", "{CCEE5B56-474C-69B0-8B72-2BEB916031BE}"
EndProject
Project("{FAE04EC0-301F-11D3-BF4B-00C04F79EFBC}") = "Unity.AdaptivePerformance.Simulator.Google.Extension", "Unity.AdaptivePerformance.Simulator.Google.Extension.csproj", "{2BD1E8C5-7D74-C329-AD9F-F59622DA59EF}"
EndProject
Project("{FAE04EC0-301F-11D3-BF4B-00C04F79EFBC}") = "Unity.AdaptivePerformance.Samsung.Android.Editor", "Unity.AdaptivePerformance.Samsung.Android.Editor.csproj", "{F3E3036F-C849-7BE8-F9A9-9C19C7DFA52E}"
EndProject
Project("{FAE04EC0-301F-11D3-BF4B-00C04F79EFBC}") = "Unity.VisualScripting.Shared.Editor", "Unity.VisualScripting.Shared.Editor.csproj", "{6A37F108-21C7-B7E1-6B66-8CF0D7D6D0E7}"
EndProject
Project("{FAE04EC0-301F-11D3-BF4B-00C04F79EFBC}") = "Unity.CollabProxy.Editor", "Unity.CollabProxy.Editor.csproj", "{B1370552-8584-9CFB-1B86-8DC1509B2B4C}"
EndProject
Project("{FAE04EC0-301F-11D3-BF4B-00C04F79EFBC}") = "Autodesk.Fbx.Editor", "Autodesk.Fbx.Editor.csproj", "{69D7D6CF-8B33-67D7-63A0-8FC5B6F7FF0A}"
EndProject
Project("{FAE04EC0-301F-11D3-BF4B-00C04F79EFBC}") = "FbxBuildTestAssets", "FbxBuildTestAssets.csproj", "{9C5F7B4D-D242-D18C-97B9-E230D2354856}"
EndProject
Project("{FAE04EC0-301F-11D3-BF4B-00C04F79EFBC}") = "Unity.Timeline", "Unity.Timeline.Player.csproj", "{00E034A9-43C2-0FFE-A03F-7DB3F869C2F2}"
EndProject
Project("{FAE04EC0-301F-11D3-BF4B-00C04F79EFBC}") = "Unity.VisualScripting.Flow", "Unity.VisualScripting.Flow.Player.csproj", "{358DBC84-CE06-578A-389B-796B567F675C}"
EndProject
Project("{FAE04EC0-301F-11D3-BF4B-00C04F79EFBC}") = "Assembly-CSharp", "Assembly-CSharp.Player.csproj", "{C70D4820-3561-047A-4EC6-5A2D8222F368}"
EndProject
Project("{FAE04EC0-301F-11D3-BF4B-00C04F79EFBC}") = "Unity.AdaptivePerformance", "Unity.AdaptivePerformance.Player.csproj", "{7BF61F58-5CAC-4377-074A-B8EE7F65728A}"
EndProject
Project("{FAE04EC0-301F-11D3-BF4B-00C04F79EFBC}") = "Unity.VisualScripting.Core", "Unity.VisualScripting.Core.Player.csproj", "{9B6DB4F5-C0EE-82DF-10E7-89474974B9C6}"
EndProject
Project("{FAE04EC0-301F-11D3-BF4B-00C04F79EFBC}") = "UnityEngine.TestRunner", "UnityEngine.TestRunner.Player.csproj", "{B826D011-67C2-8C11-FAB9-53DC26EC7E83}"
EndProject
Project("{FAE04EC0-301F-11D3-BF4B-00C04F79EFBC}") = "UnityEngine.UI", "UnityEngine.UI.Player.csproj", "{8B35BC59-D8CB-96A6-6F9A-559AFF06757B}"
EndProject
Project("{FAE04EC0-301F-11D3-BF4B-00C04F79EFBC}") = "Unity.Postprocessing.Runtime", "Unity.Postprocessing.Runtime.Player.csproj", "{FFF52C88-D3F2-8028-1C24-F9076171B0DA}"
EndProject
Project("{FAE04EC0-301F-11D3-BF4B-00C04F79EFBC}") = "Unity.Notifications.Android", "Unity.Notifications.Android.Player.csproj", "{36C16D17-9BE5-CFF1-E1B9-5EB9B41EE481}"
EndProject
Project("{FAE04EC0-301F-11D3-BF4B-00C04F79EFBC}") = "Unity.AI.Navigation", "Unity.AI.Navigation.Player.csproj", "{E74D3926-C670-295A-7B96-FC461144E899}"
EndProject
Project("{FAE04EC0-301F-11D3-BF4B-00C04F79EFBC}") = "Unity.VisualScripting.State", "Unity.VisualScripting.State.Player.csproj", "{E1F1D3DB-783F-F132-A024-D0F6CF0FB7D6}"
EndProject
Project("{FAE04EC0-301F-11D3-BF4B-00C04F79EFBC}") = "Unity.Formats.Fbx.Runtime", "Unity.Formats.Fbx.Runtime.Player.csproj", "{57210631-73D8-83AF-FE70-723721F5451E}"
EndProject
Project("{FAE04EC0-301F-11D3-BF4B-00C04F79EFBC}") = "Unity.TextMeshPro", "Unity.TextMeshPro.Player.csproj", "{D8BB77C0-79D4-79AC-825F-494EE5473063}"
EndProject
Project("{FAE04EC0-301F-11D3-BF4B-00C04F79EFBC}") = "Unity.Notifications.Unified", "Unity.Notifications.Unified.Player.csproj", "{41FF4EC6-AEC2-78CA-4930-441C51022E4D}"
EndProject
Project("{FAE04EC0-301F-11D3-BF4B-00C04F79EFBC}") = "Unity.AdaptivePerformance.Google.Android", "Unity.AdaptivePerformance.Google.Android.Player.csproj", "{B0649AF5-05CF-7217-5584-EAF823C1D5B0}"
EndProject
Project("{FAE04EC0-301F-11D3-BF4B-00C04F79EFBC}") = "Unity.Profiling.Core", "Unity.Profiling.Core.Player.csproj", "{A54D2F7B-6731-7117-EEB0-B3A613DB3A9F}"
EndProject
Project("{FAE04EC0-301F-11D3-BF4B-00C04F79EFBC}") = "Unity.AdaptivePerformance.Samsung.Android", "Unity.AdaptivePerformance.Samsung.Android.Player.csproj", "{FA3BFD32-7D48-F62C-5444-58856914142A}"
EndProject
Project("{FAE04EC0-301F-11D3-BF4B-00C04F79EFBC}") = "FbxBuildTestAssets", "FbxBuildTestAssets.Player.csproj", "{EA490E40-CB5A-814A-646F-43D03ECE3DE6}"
EndProject
Global
	GlobalSection(SolutionConfigurationPlatforms) = preSolution
		Debug|Any CPU = Debug|Any CPU
		Release|Any CPU = Release|Any CPU
	EndGlobalSection
	GlobalSection(ProjectConfigurationPlatforms) = postSolution
		{E1CF7BC5-411E-42BC-4F70-A9EF40E77B8C}.Debug|Any CPU.ActiveCfg = Debug|Any CPU
		{E1CF7BC5-411E-42BC-4F70-A9EF40E77B8C}.Debug|Any CPU.Build.0 = Debug|Any CPU
		{E1CF7BC5-411E-42BC-4F70-A9EF40E77B8C}.Release|Any CPU.ActiveCfg = Release|Any CPU
		{E1CF7BC5-411E-42BC-4F70-A9EF40E77B8C}.Release|Any CPU.Build.0 = Release|Any CPU
		{0DB2532F-E48E-07ED-DA45-E3F4B7940DF5}.Debug|Any CPU.ActiveCfg = Debug|Any CPU
		{0DB2532F-E48E-07ED-DA45-E3F4B7940DF5}.Debug|Any CPU.Build.0 = Debug|Any CPU
		{0DB2532F-E48E-07ED-DA45-E3F4B7940DF5}.Release|Any CPU.ActiveCfg = Release|Any CPU
		{0DB2532F-E48E-07ED-DA45-E3F4B7940DF5}.Release|Any CPU.Build.0 = Release|Any CPU
		{BAA0CB6A-07D6-CFAA-DCE3-998C42341EF2}.Debug|Any CPU.ActiveCfg = Debug|Any CPU
		{BAA0CB6A-07D6-CFAA-DCE3-998C42341EF2}.Debug|Any CPU.Build.0 = Debug|Any CPU
		{BAA0CB6A-07D6-CFAA-DCE3-998C42341EF2}.Release|Any CPU.ActiveCfg = Release|Any CPU
		{BAA0CB6A-07D6-CFAA-DCE3-998C42341EF2}.Release|Any CPU.Build.0 = Release|Any CPU
		{B420F199-1561-0BC7-97A7-C2BE8B3F93B1}.Debug|Any CPU.ActiveCfg = Debug|Any CPU
		{B420F199-1561-0BC7-97A7-C2BE8B3F93B1}.Debug|Any CPU.Build.0 = Debug|Any CPU
		{B420F199-1561-0BC7-97A7-C2BE8B3F93B1}.Release|Any CPU.ActiveCfg = Release|Any CPU
		{B420F199-1561-0BC7-97A7-C2BE8B3F93B1}.Release|Any CPU.Build.0 = Release|Any CPU
		{B77A7627-CFFE-1A29-658A-C301F195B385}.Debug|Any CPU.ActiveCfg = Debug|Any CPU
		{B77A7627-CFFE-1A29-658A-C301F195B385}.Debug|Any CPU.Build.0 = Debug|Any CPU
		{B77A7627-CFFE-1A29-658A-C301F195B385}.Release|Any CPU.ActiveCfg = Release|Any CPU
		{B77A7627-CFFE-1A29-658A-C301F195B385}.Release|Any CPU.Build.0 = Release|Any CPU
		{F1351CED-FCB1-FC3E-25B0-22E369004068}.Debug|Any CPU.ActiveCfg = Debug|Any CPU
		{F1351CED-FCB1-FC3E-25B0-22E369004068}.Debug|Any CPU.Build.0 = Debug|Any CPU
		{F1351CED-FCB1-FC3E-25B0-22E369004068}.Release|Any CPU.ActiveCfg = Release|Any CPU
		{F1351CED-FCB1-FC3E-25B0-22E369004068}.Release|Any CPU.Build.0 = Release|Any CPU
		{1231496A-12FA-B3F5-EADA-C3FAF2A8275C}.Debug|Any CPU.ActiveCfg = Debug|Any CPU
		{1231496A-12FA-B3F5-EADA-C3FAF2A8275C}.Debug|Any CPU.Build.0 = Debug|Any CPU
		{1231496A-12FA-B3F5-EADA-C3FAF2A8275C}.Release|Any CPU.ActiveCfg = Release|Any CPU
		{1231496A-12FA-B3F5-EADA-C3FAF2A8275C}.Release|Any CPU.Build.0 = Release|Any CPU
		{9C9689B0-1582-9E34-D9CA-51AEA3E95B62}.Debug|Any CPU.ActiveCfg = Debug|Any CPU
		{9C9689B0-1582-9E34-D9CA-51AEA3E95B62}.Debug|Any CPU.Build.0 = Debug|Any CPU
		{9C9689B0-1582-9E34-D9CA-51AEA3E95B62}.Release|Any CPU.ActiveCfg = Release|Any CPU
		{9C9689B0-1582-9E34-D9CA-51AEA3E95B62}.Release|Any CPU.Build.0 = Release|Any CPU
		{48C75A32-3DDB-202D-6552-0DED1B121BE1}.Debug|Any CPU.ActiveCfg = Debug|Any CPU
		{48C75A32-3DDB-202D-6552-0DED1B121BE1}.Debug|Any CPU.Build.0 = Debug|Any CPU
		{48C75A32-3DDB-202D-6552-0DED1B121BE1}.Release|Any CPU.ActiveCfg = Release|Any CPU
		{48C75A32-3DDB-202D-6552-0DED1B121BE1}.Release|Any CPU.Build.0 = Release|Any CPU
		{265AA8FD-EC28-BB8D-F5CD-14961F9C8379}.Debug|Any CPU.ActiveCfg = Debug|Any CPU
		{265AA8FD-EC28-BB8D-F5CD-14961F9C8379}.Debug|Any CPU.Build.0 = Debug|Any CPU
		{265AA8FD-EC28-BB8D-F5CD-14961F9C8379}.Release|Any CPU.ActiveCfg = Release|Any CPU
		{265AA8FD-EC28-BB8D-F5CD-14961F9C8379}.Release|Any CPU.Build.0 = Release|Any CPU
		{CBA1BA9A-42B7-C216-239A-DCAA01BC6DCD}.Debug|Any CPU.ActiveCfg = Debug|Any CPU
		{CBA1BA9A-42B7-C216-239A-DCAA01BC6DCD}.Debug|Any CPU.Build.0 = Debug|Any CPU
		{CBA1BA9A-42B7-C216-239A-DCAA01BC6DCD}.Release|Any CPU.ActiveCfg = Release|Any CPU
		{CBA1BA9A-42B7-C216-239A-DCAA01BC6DCD}.Release|Any CPU.Build.0 = Release|Any CPU
		{8124E2CF-F594-CF1B-B585-A172DD7F93F2}.Debug|Any CPU.ActiveCfg = Debug|Any CPU
		{8124E2CF-F594-CF1B-B585-A172DD7F93F2}.Debug|Any CPU.Build.0 = Debug|Any CPU
		{8124E2CF-F594-CF1B-B585-A172DD7F93F2}.Release|Any CPU.ActiveCfg = Release|Any CPU
		{8124E2CF-F594-CF1B-B585-A172DD7F93F2}.Release|Any CPU.Build.0 = Release|Any CPU
		{E749C8EC-A0E9-0BDA-BF5F-6B3241FB9083}.Debug|Any CPU.ActiveCfg = Debug|Any CPU
		{E749C8EC-A0E9-0BDA-BF5F-6B3241FB9083}.Debug|Any CPU.Build.0 = Debug|Any CPU
		{E749C8EC-A0E9-0BDA-BF5F-6B3241FB9083}.Release|Any CPU.ActiveCfg = Release|Any CPU
		{E749C8EC-A0E9-0BDA-BF5F-6B3241FB9083}.Release|Any CPU.Build.0 = Release|Any CPU
		{D635CE9E-BF29-92F1-4EFD-BAAEB6180FDF}.Debug|Any CPU.ActiveCfg = Debug|Any CPU
		{D635CE9E-BF29-92F1-4EFD-BAAEB6180FDF}.Debug|Any CPU.Build.0 = Debug|Any CPU
		{D635CE9E-BF29-92F1-4EFD-BAAEB6180FDF}.Release|Any CPU.ActiveCfg = Release|Any CPU
		{D635CE9E-BF29-92F1-4EFD-BAAEB6180FDF}.Release|Any CPU.Build.0 = Release|Any CPU
		{496F825F-2409-A40A-B50D-A93D2DF75240}.Debug|Any CPU.ActiveCfg = Debug|Any CPU
		{496F825F-2409-A40A-B50D-A93D2DF75240}.Debug|Any CPU.Build.0 = Debug|Any CPU
		{496F825F-2409-A40A-B50D-A93D2DF75240}.Release|Any CPU.ActiveCfg = Release|Any CPU
		{496F825F-2409-A40A-B50D-A93D2DF75240}.Release|Any CPU.Build.0 = Release|Any CPU
		{4BDA4B99-5F20-2798-7FB7-910C51589CE1}.Debug|Any CPU.ActiveCfg = Debug|Any CPU
		{4BDA4B99-5F20-2798-7FB7-910C51589CE1}.Debug|Any CPU.Build.0 = Debug|Any CPU
		{4BDA4B99-5F20-2798-7FB7-910C51589CE1}.Release|Any CPU.ActiveCfg = Release|Any CPU
		{4BDA4B99-5F20-2798-7FB7-910C51589CE1}.Release|Any CPU.Build.0 = Release|Any CPU
		{3995077D-211C-1C1C-362B-AA1C508FE397}.Debug|Any CPU.ActiveCfg = Debug|Any CPU
		{3995077D-211C-1C1C-362B-AA1C508FE397}.Debug|Any CPU.Build.0 = Debug|Any CPU
		{3995077D-211C-1C1C-362B-AA1C508FE397}.Release|Any CPU.ActiveCfg = Release|Any CPU
		{3995077D-211C-1C1C-362B-AA1C508FE397}.Release|Any CPU.Build.0 = Release|Any CPU
		{5C781072-652E-7B1E-CAFC-27533C686BCE}.Debug|Any CPU.ActiveCfg = Debug|Any CPU
		{5C781072-652E-7B1E-CAFC-27533C686BCE}.Debug|Any CPU.Build.0 = Debug|Any CPU
		{5C781072-652E-7B1E-CAFC-27533C686BCE}.Release|Any CPU.ActiveCfg = Release|Any CPU
		{5C781072-652E-7B1E-CAFC-27533C686BCE}.Release|Any CPU.Build.0 = Release|Any CPU
		{7A7FFFA4-924A-CE41-12FF-B6061A701BB2}.Debug|Any CPU.ActiveCfg = Debug|Any CPU
		{7A7FFFA4-924A-CE41-12FF-B6061A701BB2}.Debug|Any CPU.Build.0 = Debug|Any CPU
		{7A7FFFA4-924A-CE41-12FF-B6061A701BB2}.Release|Any CPU.ActiveCfg = Release|Any CPU
		{7A7FFFA4-924A-CE41-12FF-B6061A701BB2}.Release|Any CPU.Build.0 = Release|Any CPU
		{E577D76B-0790-F50B-4B14-6B5C2C20FB36}.Debug|Any CPU.ActiveCfg = Debug|Any CPU
		{E577D76B-0790-F50B-4B14-6B5C2C20FB36}.Debug|Any CPU.Build.0 = Debug|Any CPU
		{E577D76B-0790-F50B-4B14-6B5C2C20FB36}.Release|Any CPU.ActiveCfg = Release|Any CPU
		{E577D76B-0790-F50B-4B14-6B5C2C20FB36}.Release|Any CPU.Build.0 = Release|Any CPU
		{30CDE59D-D080-0EC9-C8A3-38B024614FD8}.Debug|Any CPU.ActiveCfg = Debug|Any CPU
		{30CDE59D-D080-0EC9-C8A3-38B024614FD8}.Debug|Any CPU.Build.0 = Debug|Any CPU
		{30CDE59D-D080-0EC9-C8A3-38B024614FD8}.Release|Any CPU.ActiveCfg = Release|Any CPU
		{30CDE59D-D080-0EC9-C8A3-38B024614FD8}.Release|Any CPU.Build.0 = Release|Any CPU
		{54224D88-6A4A-B111-D01B-3DCA7003FFED}.Debug|Any CPU.ActiveCfg = Debug|Any CPU
		{54224D88-6A4A-B111-D01B-3DCA7003FFED}.Debug|Any CPU.Build.0 = Debug|Any CPU
		{54224D88-6A4A-B111-D01B-3DCA7003FFED}.Release|Any CPU.ActiveCfg = Release|Any CPU
		{54224D88-6A4A-B111-D01B-3DCA7003FFED}.Release|Any CPU.Build.0 = Release|Any CPU
		{7FAA280B-BB84-0EA1-7558-0E8EA927D9D9}.Debug|Any CPU.ActiveCfg = Debug|Any CPU
		{7FAA280B-BB84-0EA1-7558-0E8EA927D9D9}.Debug|Any CPU.Build.0 = Debug|Any CPU
		{7FAA280B-BB84-0EA1-7558-0E8EA927D9D9}.Release|Any CPU.ActiveCfg = Release|Any CPU
		{7FAA280B-BB84-0EA1-7558-0E8EA927D9D9}.Release|Any CPU.Build.0 = Release|Any CPU
		{22242F6E-29B3-F8D4-4D6D-9FB84B2F0D3C}.Debug|Any CPU.ActiveCfg = Debug|Any CPU
		{22242F6E-29B3-F8D4-4D6D-9FB84B2F0D3C}.Debug|Any CPU.Build.0 = Debug|Any CPU
		{22242F6E-29B3-F8D4-4D6D-9FB84B2F0D3C}.Release|Any CPU.ActiveCfg = Release|Any CPU
		{22242F6E-29B3-F8D4-4D6D-9FB84B2F0D3C}.Release|Any CPU.Build.0 = Release|Any CPU
		{EC18DA4F-F235-DD05-4568-04DE90F9B163}.Debug|Any CPU.ActiveCfg = Debug|Any CPU
		{EC18DA4F-F235-DD05-4568-04DE90F9B163}.Debug|Any CPU.Build.0 = Debug|Any CPU
		{EC18DA4F-F235-DD05-4568-04DE90F9B163}.Release|Any CPU.ActiveCfg = Release|Any CPU
		{EC18DA4F-F235-DD05-4568-04DE90F9B163}.Release|Any CPU.Build.0 = Release|Any CPU
		{5D2FA141-8E89-A021-B954-F67E73BEEDDB}.Debug|Any CPU.ActiveCfg = Debug|Any CPU
		{5D2FA141-8E89-A021-B954-F67E73BEEDDB}.Debug|Any CPU.Build.0 = Debug|Any CPU
		{5D2FA141-8E89-A021-B954-F67E73BEEDDB}.Release|Any CPU.ActiveCfg = Release|Any CPU
		{5D2FA141-8E89-A021-B954-F67E73BEEDDB}.Release|Any CPU.Build.0 = Release|Any CPU
		{B566A969-B298-3891-B85F-B468CF51F984}.Debug|Any CPU.ActiveCfg = Debug|Any CPU
		{B566A969-B298-3891-B85F-B468CF51F984}.Debug|Any CPU.Build.0 = Debug|Any CPU
		{B566A969-B298-3891-B85F-B468CF51F984}.Release|Any CPU.ActiveCfg = Release|Any CPU
		{B566A969-B298-3891-B85F-B468CF51F984}.Release|Any CPU.Build.0 = Release|Any CPU
		{E493ED2F-3BFE-8A09-8F00-DBA4E970631B}.Debug|Any CPU.ActiveCfg = Debug|Any CPU
		{E493ED2F-3BFE-8A09-8F00-DBA4E970631B}.Debug|Any CPU.Build.0 = Debug|Any CPU
		{E493ED2F-3BFE-8A09-8F00-DBA4E970631B}.Release|Any CPU.ActiveCfg = Release|Any CPU
		{E493ED2F-3BFE-8A09-8F00-DBA4E970631B}.Release|Any CPU.Build.0 = Release|Any CPU
		{C8DF46CA-032A-15B5-E348-7BA7AB5D71B7}.Debug|Any CPU.ActiveCfg = Debug|Any CPU
		{C8DF46CA-032A-15B5-E348-7BA7AB5D71B7}.Debug|Any CPU.Build.0 = Debug|Any CPU
		{C8DF46CA-032A-15B5-E348-7BA7AB5D71B7}.Release|Any CPU.ActiveCfg = Release|Any CPU
		{C8DF46CA-032A-15B5-E348-7BA7AB5D71B7}.Release|Any CPU.Build.0 = Release|Any CPU
		{C9EAC707-1AA8-06FE-5AC7-9CA1B420FC16}.Debug|Any CPU.ActiveCfg = Debug|Any CPU
		{C9EAC707-1AA8-06FE-5AC7-9CA1B420FC16}.Debug|Any CPU.Build.0 = Debug|Any CPU
		{C9EAC707-1AA8-06FE-5AC7-9CA1B420FC16}.Release|Any CPU.ActiveCfg = Release|Any CPU
		{C9EAC707-1AA8-06FE-5AC7-9CA1B420FC16}.Release|Any CPU.Build.0 = Release|Any CPU
		{E61CE213-B631-6B07-1A33-15F4B2327E1D}.Debug|Any CPU.ActiveCfg = Debug|Any CPU
		{E61CE213-B631-6B07-1A33-15F4B2327E1D}.Debug|Any CPU.Build.0 = Debug|Any CPU
		{E61CE213-B631-6B07-1A33-15F4B2327E1D}.Release|Any CPU.ActiveCfg = Release|Any CPU
		{E61CE213-B631-6B07-1A33-15F4B2327E1D}.Release|Any CPU.Build.0 = Release|Any CPU
		{D86E2AF9-3CAF-E52E-89E4-1EF125C14AF2}.Debug|Any CPU.ActiveCfg = Debug|Any CPU
		{D86E2AF9-3CAF-E52E-89E4-1EF125C14AF2}.Debug|Any CPU.Build.0 = Debug|Any CPU
		{D86E2AF9-3CAF-E52E-89E4-1EF125C14AF2}.Release|Any CPU.ActiveCfg = Release|Any CPU
		{D86E2AF9-3CAF-E52E-89E4-1EF125C14AF2}.Release|Any CPU.Build.0 = Release|Any CPU
		{6099519B-0151-EB54-3C68-4FC6EA625646}.Debug|Any CPU.ActiveCfg = Debug|Any CPU
		{6099519B-0151-EB54-3C68-4FC6EA625646}.Debug|Any CPU.Build.0 = Debug|Any CPU
		{6099519B-0151-EB54-3C68-4FC6EA625646}.Release|Any CPU.ActiveCfg = Release|Any CPU
		{6099519B-0151-EB54-3C68-4FC6EA625646}.Release|Any CPU.Build.0 = Release|Any CPU
		{04658583-34A4-0999-062D-CB6979164E23}.Debug|Any CPU.ActiveCfg = Debug|Any CPU
		{04658583-34A4-0999-062D-CB6979164E23}.Debug|Any CPU.Build.0 = Debug|Any CPU
		{04658583-34A4-0999-062D-CB6979164E23}.Release|Any CPU.ActiveCfg = Release|Any CPU
		{04658583-34A4-0999-062D-CB6979164E23}.Release|Any CPU.Build.0 = Release|Any CPU
		{5D17E004-501D-3ED9-64C1-00FD05502335}.Debug|Any CPU.ActiveCfg = Debug|Any CPU
		{5D17E004-501D-3ED9-64C1-00FD05502335}.Debug|Any CPU.Build.0 = Debug|Any CPU
		{5D17E004-501D-3ED9-64C1-00FD05502335}.Release|Any CPU.ActiveCfg = Release|Any CPU
		{5D17E004-501D-3ED9-64C1-00FD05502335}.Release|Any CPU.Build.0 = Release|Any CPU
		{002958AE-BC66-B020-18BE-13B0707E4204}.Debug|Any CPU.ActiveCfg = Debug|Any CPU
		{002958AE-BC66-B020-18BE-13B0707E4204}.Debug|Any CPU.Build.0 = Debug|Any CPU
		{002958AE-BC66-B020-18BE-13B0707E4204}.Release|Any CPU.ActiveCfg = Release|Any CPU
		{002958AE-BC66-B020-18BE-13B0707E4204}.Release|Any CPU.Build.0 = Release|Any CPU
		{D9AA7718-9B93-6951-087E-0E9C4A97555E}.Debug|Any CPU.ActiveCfg = Debug|Any CPU
		{D9AA7718-9B93-6951-087E-0E9C4A97555E}.Debug|Any CPU.Build.0 = Debug|Any CPU
		{D9AA7718-9B93-6951-087E-0E9C4A97555E}.Release|Any CPU.ActiveCfg = Release|Any CPU
		{D9AA7718-9B93-6951-087E-0E9C4A97555E}.Release|Any CPU.Build.0 = Release|Any CPU
		{C769940B-E420-2F37-1D24-97C142FDF034}.Debug|Any CPU.ActiveCfg = Debug|Any CPU
		{C769940B-E420-2F37-1D24-97C142FDF034}.Debug|Any CPU.Build.0 = Debug|Any CPU
		{C769940B-E420-2F37-1D24-97C142FDF034}.Release|Any CPU.ActiveCfg = Release|Any CPU
		{C769940B-E420-2F37-1D24-97C142FDF034}.Release|Any CPU.Build.0 = Release|Any CPU
		{56003C41-E92D-83AD-06B7-E49071AECE93}.Debug|Any CPU.ActiveCfg = Debug|Any CPU
		{56003C41-E92D-83AD-06B7-E49071AECE93}.Debug|Any CPU.Build.0 = Debug|Any CPU
		{56003C41-E92D-83AD-06B7-E49071AECE93}.Release|Any CPU.ActiveCfg = Release|Any CPU
		{56003C41-E92D-83AD-06B7-E49071AECE93}.Release|Any CPU.Build.0 = Release|Any CPU
		{AF83FFC7-F34E-B0C4-8860-C63F4F377542}.Debug|Any CPU.ActiveCfg = Debug|Any CPU
		{AF83FFC7-F34E-B0C4-8860-C63F4F377542}.Debug|Any CPU.Build.0 = Debug|Any CPU
		{AF83FFC7-F34E-B0C4-8860-C63F4F377542}.Release|Any CPU.ActiveCfg = Release|Any CPU
		{AF83FFC7-F34E-B0C4-8860-C63F4F377542}.Release|Any CPU.Build.0 = Release|Any CPU
		{0F4D857E-370D-EFDD-8D53-815BC1CAD071}.Debug|Any CPU.ActiveCfg = Debug|Any CPU
		{0F4D857E-370D-EFDD-8D53-815BC1CAD071}.Debug|Any CPU.Build.0 = Debug|Any CPU
		{0F4D857E-370D-EFDD-8D53-815BC1CAD071}.Release|Any CPU.ActiveCfg = Release|Any CPU
		{0F4D857E-370D-EFDD-8D53-815BC1CAD071}.Release|Any CPU.Build.0 = Release|Any CPU
		{61F44DE5-AC78-963E-C0C7-E0AB624D9B83}.Debug|Any CPU.ActiveCfg = Debug|Any CPU
		{61F44DE5-AC78-963E-C0C7-E0AB624D9B83}.Debug|Any CPU.Build.0 = Debug|Any CPU
		{61F44DE5-AC78-963E-C0C7-E0AB624D9B83}.Release|Any CPU.ActiveCfg = Release|Any CPU
		{61F44DE5-AC78-963E-C0C7-E0AB624D9B83}.Release|Any CPU.Build.0 = Release|Any CPU
		{5B1B8DCC-A5A5-8C04-DAAB-BC002D917958}.Debug|Any CPU.ActiveCfg = Debug|Any CPU
		{5B1B8DCC-A5A5-8C04-DAAB-BC002D917958}.Debug|Any CPU.Build.0 = Debug|Any CPU
		{5B1B8DCC-A5A5-8C04-DAAB-BC002D917958}.Release|Any CPU.ActiveCfg = Release|Any CPU
		{5B1B8DCC-A5A5-8C04-DAAB-BC002D917958}.Release|Any CPU.Build.0 = Release|Any CPU
		{28B5BBA6-7E5F-7DAD-B383-CDEA03F3B65E}.Debug|Any CPU.ActiveCfg = Debug|Any CPU
		{28B5BBA6-7E5F-7DAD-B383-CDEA03F3B65E}.Debug|Any CPU.Build.0 = Debug|Any CPU
		{28B5BBA6-7E5F-7DAD-B383-CDEA03F3B65E}.Release|Any CPU.ActiveCfg = Release|Any CPU
		{28B5BBA6-7E5F-7DAD-B383-CDEA03F3B65E}.Release|Any CPU.Build.0 = Release|Any CPU
		{6C96940F-A9A6-8741-9D06-BBE9124FE119}.Debug|Any CPU.ActiveCfg = Debug|Any CPU
		{6C96940F-A9A6-8741-9D06-BBE9124FE119}.Debug|Any CPU.Build.0 = Debug|Any CPU
		{6C96940F-A9A6-8741-9D06-BBE9124FE119}.Release|Any CPU.ActiveCfg = Release|Any CPU
		{6C96940F-A9A6-8741-9D06-BBE9124FE119}.Release|Any CPU.Build.0 = Release|Any CPU
		{472273DE-682D-3D49-C710-F46C7B6929F7}.Debug|Any CPU.ActiveCfg = Debug|Any CPU
		{472273DE-682D-3D49-C710-F46C7B6929F7}.Debug|Any CPU.Build.0 = Debug|Any CPU
		{472273DE-682D-3D49-C710-F46C7B6929F7}.Release|Any CPU.ActiveCfg = Release|Any CPU
		{472273DE-682D-3D49-C710-F46C7B6929F7}.Release|Any CPU.Build.0 = Release|Any CPU
		{CCEE5B56-474C-69B0-8B72-2BEB916031BE}.Debug|Any CPU.ActiveCfg = Debug|Any CPU
		{CCEE5B56-474C-69B0-8B72-2BEB916031BE}.Debug|Any CPU.Build.0 = Debug|Any CPU
		{CCEE5B56-474C-69B0-8B72-2BEB916031BE}.Release|Any CPU.ActiveCfg = Release|Any CPU
		{CCEE5B56-474C-69B0-8B72-2BEB916031BE}.Release|Any CPU.Build.0 = Release|Any CPU
		{2BD1E8C5-7D74-C329-AD9F-F59622DA59EF}.Debug|Any CPU.ActiveCfg = Debug|Any CPU
		{2BD1E8C5-7D74-C329-AD9F-F59622DA59EF}.Debug|Any CPU.Build.0 = Debug|Any CPU
		{2BD1E8C5-7D74-C329-AD9F-F59622DA59EF}.Release|Any CPU.ActiveCfg = Release|Any CPU
		{2BD1E8C5-7D74-C329-AD9F-F59622DA59EF}.Release|Any CPU.Build.0 = Release|Any CPU
		{F3E3036F-C849-7BE8-F9A9-9C19C7DFA52E}.Debug|Any CPU.ActiveCfg = Debug|Any CPU
		{F3E3036F-C849-7BE8-F9A9-9C19C7DFA52E}.Debug|Any CPU.Build.0 = Debug|Any CPU
		{F3E3036F-C849-7BE8-F9A9-9C19C7DFA52E}.Release|Any CPU.ActiveCfg = Release|Any CPU
		{F3E3036F-C849-7BE8-F9A9-9C19C7DFA52E}.Release|Any CPU.Build.0 = Release|Any CPU
		{6A37F108-21C7-B7E1-6B66-8CF0D7D6D0E7}.Debug|Any CPU.ActiveCfg = Debug|Any CPU
		{6A37F108-21C7-B7E1-6B66-8CF0D7D6D0E7}.Debug|Any CPU.Build.0 = Debug|Any CPU
		{6A37F108-21C7-B7E1-6B66-8CF0D7D6D0E7}.Release|Any CPU.ActiveCfg = Release|Any CPU
		{6A37F108-21C7-B7E1-6B66-8CF0D7D6D0E7}.Release|Any CPU.Build.0 = Release|Any CPU
		{B1370552-8584-9CFB-1B86-8DC1509B2B4C}.Debug|Any CPU.ActiveCfg = Debug|Any CPU
		{B1370552-8584-9CFB-1B86-8DC1509B2B4C}.Debug|Any CPU.Build.0 = Debug|Any CPU
		{B1370552-8584-9CFB-1B86-8DC1509B2B4C}.Release|Any CPU.ActiveCfg = Release|Any CPU
		{B1370552-8584-9CFB-1B86-8DC1509B2B4C}.Release|Any CPU.Build.0 = Release|Any CPU
		{69D7D6CF-8B33-67D7-63A0-8FC5B6F7FF0A}.Debug|Any CPU.ActiveCfg = Debug|Any CPU
		{69D7D6CF-8B33-67D7-63A0-8FC5B6F7FF0A}.Debug|Any CPU.Build.0 = Debug|Any CPU
		{69D7D6CF-8B33-67D7-63A0-8FC5B6F7FF0A}.Release|Any CPU.ActiveCfg = Release|Any CPU
		{69D7D6CF-8B33-67D7-63A0-8FC5B6F7FF0A}.Release|Any CPU.Build.0 = Release|Any CPU
		{9C5F7B4D-D242-D18C-97B9-E230D2354856}.Debug|Any CPU.ActiveCfg = Debug|Any CPU
		{9C5F7B4D-D242-D18C-97B9-E230D2354856}.Debug|Any CPU.Build.0 = Debug|Any CPU
		{9C5F7B4D-D242-D18C-97B9-E230D2354856}.Release|Any CPU.ActiveCfg = Release|Any CPU
		{9C5F7B4D-D242-D18C-97B9-E230D2354856}.Release|Any CPU.Build.0 = Release|Any CPU
		{00E034A9-43C2-0FFE-A03F-7DB3F869C2F2}.Debug|Any CPU.ActiveCfg = Debug|Any CPU
		{00E034A9-43C2-0FFE-A03F-7DB3F869C2F2}.Debug|Any CPU.Build.0 = Debug|Any CPU
		{00E034A9-43C2-0FFE-A03F-7DB3F869C2F2}.Release|Any CPU.ActiveCfg = Release|Any CPU
		{00E034A9-43C2-0FFE-A03F-7DB3F869C2F2}.Release|Any CPU.Build.0 = Release|Any CPU
		{358DBC84-CE06-578A-389B-796B567F675C}.Debug|Any CPU.ActiveCfg = Debug|Any CPU
		{358DBC84-CE06-578A-389B-796B567F675C}.Debug|Any CPU.Build.0 = Debug|Any CPU
		{358DBC84-CE06-578A-389B-796B567F675C}.Release|Any CPU.ActiveCfg = Release|Any CPU
		{358DBC84-CE06-578A-389B-796B567F675C}.Release|Any CPU.Build.0 = Release|Any CPU
		{C70D4820-3561-047A-4EC6-5A2D8222F368}.Debug|Any CPU.ActiveCfg = Debug|Any CPU
		{C70D4820-3561-047A-4EC6-5A2D8222F368}.Debug|Any CPU.Build.0 = Debug|Any CPU
		{C70D4820-3561-047A-4EC6-5A2D8222F368}.Release|Any CPU.ActiveCfg = Release|Any CPU
		{C70D4820-3561-047A-4EC6-5A2D8222F368}.Release|Any CPU.Build.0 = Release|Any CPU
		{7BF61F58-5CAC-4377-074A-B8EE7F65728A}.Debug|Any CPU.ActiveCfg = Debug|Any CPU
		{7BF61F58-5CAC-4377-074A-B8EE7F65728A}.Debug|Any CPU.Build.0 = Debug|Any CPU
		{7BF61F58-5CAC-4377-074A-B8EE7F65728A}.Release|Any CPU.ActiveCfg = Release|Any CPU
		{7BF61F58-5CAC-4377-074A-B8EE7F65728A}.Release|Any CPU.Build.0 = Release|Any CPU
		{9B6DB4F5-C0EE-82DF-10E7-89474974B9C6}.Debug|Any CPU.ActiveCfg = Debug|Any CPU
		{9B6DB4F5-C0EE-82DF-10E7-89474974B9C6}.Debug|Any CPU.Build.0 = Debug|Any CPU
		{9B6DB4F5-C0EE-82DF-10E7-89474974B9C6}.Release|Any CPU.ActiveCfg = Release|Any CPU
		{9B6DB4F5-C0EE-82DF-10E7-89474974B9C6}.Release|Any CPU.Build.0 = Release|Any CPU
		{B826D011-67C2-8C11-FAB9-53DC26EC7E83}.Debug|Any CPU.ActiveCfg = Debug|Any CPU
		{B826D011-67C2-8C11-FAB9-53DC26EC7E83}.Debug|Any CPU.Build.0 = Debug|Any CPU
		{B826D011-67C2-8C11-FAB9-53DC26EC7E83}.Release|Any CPU.ActiveCfg = Release|Any CPU
		{B826D011-67C2-8C11-FAB9-53DC26EC7E83}.Release|Any CPU.Build.0 = Release|Any CPU
		{8B35BC59-D8CB-96A6-6F9A-559AFF06757B}.Debug|Any CPU.ActiveCfg = Debug|Any CPU
		{8B35BC59-D8CB-96A6-6F9A-559AFF06757B}.Debug|Any CPU.Build.0 = Debug|Any CPU
		{8B35BC59-D8CB-96A6-6F9A-559AFF06757B}.Release|Any CPU.ActiveCfg = Release|Any CPU
		{8B35BC59-D8CB-96A6-6F9A-559AFF06757B}.Release|Any CPU.Build.0 = Release|Any CPU
		{FFF52C88-D3F2-8028-1C24-F9076171B0DA}.Debug|Any CPU.ActiveCfg = Debug|Any CPU
		{FFF52C88-D3F2-8028-1C24-F9076171B0DA}.Debug|Any CPU.Build.0 = Debug|Any CPU
		{FFF52C88-D3F2-8028-1C24-F9076171B0DA}.Release|Any CPU.ActiveCfg = Release|Any CPU
		{FFF52C88-D3F2-8028-1C24-F9076171B0DA}.Release|Any CPU.Build.0 = Release|Any CPU
		{36C16D17-9BE5-CFF1-E1B9-5EB9B41EE481}.Debug|Any CPU.ActiveCfg = Debug|Any CPU
		{36C16D17-9BE5-CFF1-E1B9-5EB9B41EE481}.Debug|Any CPU.Build.0 = Debug|Any CPU
		{36C16D17-9BE5-CFF1-E1B9-5EB9B41EE481}.Release|Any CPU.ActiveCfg = Release|Any CPU
		{36C16D17-9BE5-CFF1-E1B9-5EB9B41EE481}.Release|Any CPU.Build.0 = Release|Any CPU
		{E74D3926-C670-295A-7B96-FC461144E899}.Debug|Any CPU.ActiveCfg = Debug|Any CPU
		{E74D3926-C670-295A-7B96-FC461144E899}.Debug|Any CPU.Build.0 = Debug|Any CPU
		{E74D3926-C670-295A-7B96-FC461144E899}.Release|Any CPU.ActiveCfg = Release|Any CPU
		{E74D3926-C670-295A-7B96-FC461144E899}.Release|Any CPU.Build.0 = Release|Any CPU
		{E1F1D3DB-783F-F132-A024-D0F6CF0FB7D6}.Debug|Any CPU.ActiveCfg = Debug|Any CPU
		{E1F1D3DB-783F-F132-A024-D0F6CF0FB7D6}.Debug|Any CPU.Build.0 = Debug|Any CPU
		{E1F1D3DB-783F-F132-A024-D0F6CF0FB7D6}.Release|Any CPU.ActiveCfg = Release|Any CPU
		{E1F1D3DB-783F-F132-A024-D0F6CF0FB7D6}.Release|Any CPU.Build.0 = Release|Any CPU
		{57210631-73D8-83AF-FE70-723721F5451E}.Debug|Any CPU.ActiveCfg = Debug|Any CPU
		{57210631-73D8-83AF-FE70-723721F5451E}.Debug|Any CPU.Build.0 = Debug|Any CPU
		{57210631-73D8-83AF-FE70-723721F5451E}.Release|Any CPU.ActiveCfg = Release|Any CPU
		{57210631-73D8-83AF-FE70-723721F5451E}.Release|Any CPU.Build.0 = Release|Any CPU
		{D8BB77C0-79D4-79AC-825F-494EE5473063}.Debug|Any CPU.ActiveCfg = Debug|Any CPU
		{D8BB77C0-79D4-79AC-825F-494EE5473063}.Debug|Any CPU.Build.0 = Debug|Any CPU
		{D8BB77C0-79D4-79AC-825F-494EE5473063}.Release|Any CPU.ActiveCfg = Release|Any CPU
		{D8BB77C0-79D4-79AC-825F-494EE5473063}.Release|Any CPU.Build.0 = Release|Any CPU
		{41FF4EC6-AEC2-78CA-4930-441C51022E4D}.Debug|Any CPU.ActiveCfg = Debug|Any CPU
		{41FF4EC6-AEC2-78CA-4930-441C51022E4D}.Debug|Any CPU.Build.0 = Debug|Any CPU
		{41FF4EC6-AEC2-78CA-4930-441C51022E4D}.Release|Any CPU.ActiveCfg = Release|Any CPU
		{41FF4EC6-AEC2-78CA-4930-441C51022E4D}.Release|Any CPU.Build.0 = Release|Any CPU
		{B0649AF5-05CF-7217-5584-EAF823C1D5B0}.Debug|Any CPU.ActiveCfg = Debug|Any CPU
		{B0649AF5-05CF-7217-5584-EAF823C1D5B0}.Debug|Any CPU.Build.0 = Debug|Any CPU
		{B0649AF5-05CF-7217-5584-EAF823C1D5B0}.Release|Any CPU.ActiveCfg = Release|Any CPU
		{B0649AF5-05CF-7217-5584-EAF823C1D5B0}.Release|Any CPU.Build.0 = Release|Any CPU
		{A54D2F7B-6731-7117-EEB0-B3A613DB3A9F}.Debug|Any CPU.ActiveCfg = Debug|Any CPU
		{A54D2F7B-6731-7117-EEB0-B3A613DB3A9F}.Debug|Any CPU.Build.0 = Debug|Any CPU
		{A54D2F7B-6731-7117-EEB0-B3A613DB3A9F}.Release|Any CPU.ActiveCfg = Release|Any CPU
		{A54D2F7B-6731-7117-EEB0-B3A613DB3A9F}.Release|Any CPU.Build.0 = Release|Any CPU
		{FA3BFD32-7D48-F62C-5444-58856914142A}.Debug|Any CPU.ActiveCfg = Debug|Any CPU
		{FA3BFD32-7D48-F62C-5444-58856914142A}.Debug|Any CPU.Build.0 = Debug|Any CPU
		{FA3BFD32-7D48-F62C-5444-58856914142A}.Release|Any CPU.ActiveCfg = Release|Any CPU
		{FA3BFD32-7D48-F62C-5444-58856914142A}.Release|Any CPU.Build.0 = Release|Any CPU
		{EA490E40-CB5A-814A-646F-43D03ECE3DE6}.Debug|Any CPU.ActiveCfg = Debug|Any CPU
		{EA490E40-CB5A-814A-646F-43D03ECE3DE6}.Debug|Any CPU.Build.0 = Debug|Any CPU
		{EA490E40-CB5A-814A-646F-43D03ECE3DE6}.Release|Any CPU.ActiveCfg = Release|Any CPU
		{EA490E40-CB5A-814A-646F-43D03ECE3DE6}.Release|Any CPU.Build.0 = Release|Any CPU
	EndGlobalSection
	GlobalSection(SolutionProperties) = preSolution
		HideSolutionNode = FALSE
	EndGlobalSection
EndGlobal
